// !$*UTF8*$!
{
	archiveVersion = 1;
	classes = {
	};
	objectVersion = 46;
	objects = {

/* Begin PBXBuildFile section */
		C40136801EBC561700E2FAE9 /* LocationSearchTable.swift in Sources */ = {isa = PBXBuildFile; fileRef = C401367F1EBC561700E2FAE9 /* LocationSearchTable.swift */; };
		C4D9345D1EB9783A00DADCE9 /* AppDelegate.swift in Sources */ = {isa = PBXBuildFile; fileRef = C4D9345C1EB9783A00DADCE9 /* AppDelegate.swift */; };
		C4D9345F1EB9783A00DADCE9 /* ViewController.swift in Sources */ = {isa = PBXBuildFile; fileRef = C4D9345E1EB9783A00DADCE9 /* ViewController.swift */; };
		C4D934621EB9783A00DADCE9 /* Main.storyboard in Resources */ = {isa = PBXBuildFile; fileRef = C4D934601EB9783A00DADCE9 /* Main.storyboard */; };
		C4D934651EB9783A00DADCE9 /* Customer_Service.xcdatamodeld in Sources */ = {isa = PBXBuildFile; fileRef = C4D934631EB9783A00DADCE9 /* Customer_Service.xcdatamodeld */; };
		C4D934671EB9783A00DADCE9 /* Assets.xcassets in Resources */ = {isa = PBXBuildFile; fileRef = C4D934661EB9783A00DADCE9 /* Assets.xcassets */; };
		C4D9346A1EB9783A00DADCE9 /* LaunchScreen.storyboard in Resources */ = {isa = PBXBuildFile; fileRef = C4D934681EB9783A00DADCE9 /* LaunchScreen.storyboard */; };
		C4D934721EB9970300DADCE9 /* icon 1_4.png in Resources */ = {isa = PBXBuildFile; fileRef = C4D934711EB9970300DADCE9 /* icon 1_4.png */; };
		C4D934751EB9CC1B00DADCE9 /* CoreLocation.framework in Frameworks */ = {isa = PBXBuildFile; fileRef = C4D934741EB9CC1B00DADCE9 /* CoreLocation.framework */; };
/* End PBXBuildFile section */

/* Begin PBXFileReference section */
		C401367F1EBC561700E2FAE9 /* LocationSearchTable.swift */ = {isa = PBXFileReference; fileEncoding = 4; lastKnownFileType = sourcecode.swift; path = LocationSearchTable.swift; sourceTree = "<group>"; };
		C4D934591EB9783A00DADCE9 /* Customer Service.app */ = {isa = PBXFileReference; explicitFileType = wrapper.application; includeInIndex = 0; path = "Customer Service.app"; sourceTree = BUILT_PRODUCTS_DIR; };
		C4D9345C1EB9783A00DADCE9 /* AppDelegate.swift */ = {isa = PBXFileReference; lastKnownFileType = sourcecode.swift; path = AppDelegate.swift; sourceTree = "<group>"; };
		C4D9345E1EB9783A00DADCE9 /* ViewController.swift */ = {isa = PBXFileReference; lastKnownFileType = sourcecode.swift; path = ViewController.swift; sourceTree = "<group>"; };
		C4D934611EB9783A00DADCE9 /* Base */ = {isa = PBXFileReference; lastKnownFileType = file.storyboard; name = Base; path = Base.lproj/Main.storyboard; sourceTree = "<group>"; };
		C4D934641EB9783A00DADCE9 /* Customer_Service.xcdatamodel */ = {isa = PBXFileReference; lastKnownFileType = wrapper.xcdatamodel; path = Customer_Service.xcdatamodel; sourceTree = "<group>"; };
		C4D934661EB9783A00DADCE9 /* Assets.xcassets */ = {isa = PBXFileReference; lastKnownFileType = folder.assetcatalog; path = Assets.xcassets; sourceTree = "<group>"; };
		C4D934691EB9783A00DADCE9 /* Base */ = {isa = PBXFileReference; lastKnownFileType = file.storyboard; name = Base; path = Base.lproj/LaunchScreen.storyboard; sourceTree = "<group>"; };
		C4D9346B1EB9783A00DADCE9 /* Info.plist */ = {isa = PBXFileReference; lastKnownFileType = text.plist.xml; path = Info.plist; sourceTree = "<group>"; };
		C4D934711EB9970300DADCE9 /* icon 1_4.png */ = {isa = PBXFileReference; lastKnownFileType = image.png; path = "icon 1_4.png"; sourceTree = "<group>"; };
		C4D934741EB9CC1B00DADCE9 /* CoreLocation.framework */ = {isa = PBXFileReference; lastKnownFileType = wrapper.framework; name = CoreLocation.framework; path = System/Library/Frameworks/CoreLocation.framework; sourceTree = SDKROOT; };
/* End PBXFileReference section */

/* Begin PBXFrameworksBuildPhase section */
		C4D934561EB9783A00DADCE9 /* Frameworks */ = {
			isa = PBXFrameworksBuildPhase;
			buildActionMask = 2147483647;
			files = (
				C4D934751EB9CC1B00DADCE9 /* CoreLocation.framework in Frameworks */,
			);
			runOnlyForDeploymentPostprocessing = 0;
		};
/* End PBXFrameworksBuildPhase section */

/* Begin PBXGroup section */
		C4D934501EB9783A00DADCE9 = {
			isa = PBXGroup;
			children = (
				C4D9345B1EB9783A00DADCE9 /* Customer Service */,
				C4D9345A1EB9783A00DADCE9 /* Products */,
				C4D934731EB9CC1A00DADCE9 /* Frameworks */,
			);
			sourceTree = "<group>";
		};
		C4D9345A1EB9783A00DADCE9 /* Products */ = {
			isa = PBXGroup;
			children = (
				C4D934591EB9783A00DADCE9 /* Customer Service.app */,
			);
			name = Products;
			sourceTree = "<group>";
		};
		C4D9345B1EB9783A00DADCE9 /* Customer Service */ = {
			isa = PBXGroup;
			children = (
				C4D934711EB9970300DADCE9 /* icon 1_4.png */,
				C4D9345C1EB9783A00DADCE9 /* AppDelegate.swift */,
				C4D9345E1EB9783A00DADCE9 /* ViewController.swift */,
				C4D934601EB9783A00DADCE9 /* Main.storyboard */,
				C401367F1EBC561700E2FAE9 /* LocationSearchTable.swift */,
				C4D934661EB9783A00DADCE9 /* Assets.xcassets */,
				C4D934681EB9783A00DADCE9 /* LaunchScreen.storyboard */,
				C4D9346B1EB9783A00DADCE9 /* Info.plist */,
				C4D934631EB9783A00DADCE9 /* Customer_Service.xcdatamodeld */,
			);
			path = "Customer Service";
			sourceTree = "<group>";
		};
		C4D934731EB9CC1A00DADCE9 /* Frameworks */ = {
			isa = PBXGroup;
			children = (
				C4D934741EB9CC1B00DADCE9 /* CoreLocation.framework */,
			);
			name = Frameworks;
			sourceTree = "<group>";
		};
/* End PBXGroup section */

/* Begin PBXNativeTarget section */
		C4D934581EB9783A00DADCE9 /* Customer Service */ = {
			isa = PBXNativeTarget;
			buildConfigurationList = C4D9346E1EB9783A00DADCE9 /* Build configuration list for PBXNativeTarget "Customer Service" */;
			buildPhases = (
				C4D934551EB9783A00DADCE9 /* Sources */,
				C4D934561EB9783A00DADCE9 /* Frameworks */,
				C4D934571EB9783A00DADCE9 /* Resources */,
			);
			buildRules = (
			);
			dependencies = (
			);
			name = "Customer Service";
			productName = "Customer Service";
			productReference = C4D934591EB9783A00DADCE9 /* Customer Service.app */;
			productType = "com.apple.product-type.application";
		};
/* End PBXNativeTarget section */

/* Begin PBXProject section */
		C4D934511EB9783A00DADCE9 /* Project object */ = {
			isa = PBXProject;
			attributes = {
				LastSwiftUpdateCheck = 0830;
				LastUpgradeCheck = 0830;
				ORGANIZATIONNAME = EWTC;
				TargetAttributes = {
					C4D934581EB9783A00DADCE9 = {
						CreatedOnToolsVersion = 8.3.2;
						ProvisioningStyle = Automatic;
					};
				};
			};
			buildConfigurationList = C4D934541EB9783A00DADCE9 /* Build configuration list for PBXProject "Customer Service" */;
			compatibilityVersion = "Xcode 3.2";
			developmentRegion = English;
			hasScannedForEncodings = 0;
			knownRegions = (
				en,
				Base,
			);
			mainGroup = C4D934501EB9783A00DADCE9;
			productRefGroup = C4D9345A1EB9783A00DADCE9 /* Products */;
			projectDirPath = "";
			projectRoot = "";
			targets = (
				C4D934581EB9783A00DADCE9 /* Customer Service */,
			);
		};
/* End PBXProject section */

/* Begin PBXResourcesBuildPhase section */
		C4D934571EB9783A00DADCE9 /* Resources */ = {
			isa = PBXResourcesBuildPhase;
			buildActionMask = 2147483647;
			files = (
				C4D934721EB9970300DADCE9 /* icon 1_4.png in Resources */,
				C4D9346A1EB9783A00DADCE9 /* LaunchScreen.storyboard in Resources */,
				C4D934671EB9783A00DADCE9 /* Assets.xcassets in Resources */,
				C4D934621EB9783A00DADCE9 /* Main.storyboard in Resources */,
			);
			runOnlyForDeploymentPostprocessing = 0;
		};
/* End PBXResourcesBuildPhase section */

/* Begin PBXSourcesBuildPhase section */
		C4D934551EB9783A00DADCE9 /* Sources */ = {
			isa = PBXSourcesBuildPhase;
			buildActionMask = 2147483647;
			files = (
				C4D934651EB9783A00DADCE9 /* Customer_Service.xcdatamodeld in Sources */,
				C4D9345F1EB9783A00DADCE9 /* ViewController.swift in Sources */,
				C4D9345D1EB9783A00DADCE9 /* AppDelegate.swift in Sources */,
				C40136801EBC561700E2FAE9 /* LocationSearchTable.swift in Sources */,
			);
			runOnlyForDeploymentPostprocessing = 0;
		};
/* End PBXSourcesBuildPhase section */

/* Begin PBXVariantGroup section */
		C4D934601EB9783A00DADCE9 /* Main.storyboard */ = {
			isa = PBXVariantGroup;
			children = (
				C4D934611EB9783A00DADCE9 /* Base */,
			);
			name = Main.storyboard;
			sourceTree = "<group>";
		};
		C4D934681EB9783A00DADCE9 /* LaunchScreen.storyboard */ = {
			isa = PBXVariantGroup;
			children = (
				C4D934691EB9783A00DADCE9 /* Base */,
			);
			name = LaunchScreen.storyboard;
			sourceTree = "<group>";
		};
/* End PBXVariantGroup section */

/* Begin XCBuildConfiguration section */
		C4D9346C1EB9783A00DADCE9 /* Debug */ = {
			isa = XCBuildConfiguration;
			buildSettings = {
				ALWAYS_SEARCH_USER_PATHS = NO;
				CLANG_ANALYZER_NONNULL = YES;
				CLANG_ANALYZER_NUMBER_OBJECT_CONVERSION = YES_AGGRESSIVE;
				CLANG_CXX_LANGUAGE_STANDARD = "gnu++0x";
				CLANG_CXX_LIBRARY = "libc++";
				CLANG_ENABLE_MODULES = YES;
				CLANG_ENABLE_OBJC_ARC = YES;
				CLANG_WARN_BOOL_CONVERSION = YES;
				CLANG_WARN_CONSTANT_CONVERSION = YES;
				CLANG_WARN_DIRECT_OBJC_ISA_USAGE = YES_ERROR;
				CLANG_WARN_DOCUMENTATION_COMMENTS = YES;
				CLANG_WARN_EMPTY_BODY = YES;
				CLANG_WARN_ENUM_CONVERSION = YES;
				CLANG_WARN_INFINITE_RECURSION = YES;
				CLANG_WARN_INT_CONVERSION = YES;
				CLANG_WARN_OBJC_ROOT_CLASS = YES_ERROR;
				CLANG_WARN_SUSPICIOUS_MOVE = YES;
				CLANG_WARN_UNREACHABLE_CODE = YES;
				CLANG_WARN__DUPLICATE_METHOD_MATCH = YES;
				"CODE_SIGN_IDENTITY[sdk=iphoneos*]" = "iPhone Developer";
				COPY_PHASE_STRIP = NO;
				DEBUG_INFORMATION_FORMAT = dwarf;
				ENABLE_STRICT_OBJC_MSGSEND = YES;
				ENABLE_TESTABILITY = YES;
				GCC_C_LANGUAGE_STANDARD = gnu99;
				GCC_DYNAMIC_NO_PIC = NO;
				GCC_NO_COMMON_BLOCKS = YES;
				GCC_OPTIMIZATION_LEVEL = 0;
				GCC_PREPROCESSOR_DEFINITIONS = (
					"DEBUG=1",
					"$(inherited)",
				);
				GCC_WARN_64_TO_32_BIT_CONVERSION = YES;
				GCC_WARN_ABOUT_RETURN_TYPE = YES_ERROR;
				GCC_WARN_UNDECLARED_SELECTOR = YES;
				GCC_WARN_UNINITIALIZED_AUTOS = YES_AGGRESSIVE;
				GCC_WARN_UNUSED_FUNCTION = YES;
				GCC_WARN_UNUSED_VARIABLE = YES;
				IPHONEOS_DEPLOYMENT_TARGET = 10.3;
				MTL_ENABLE_DEBUG_INFO = YES;
				ONLY_ACTIVE_ARCH = YES;
				SDKROOT = iphoneos;
				SWIFT_ACTIVE_COMPILATION_CONDITIONS = DEBUG;
				SWIFT_OPTIMIZATION_LEVEL = "-Onone";
			};
			name = Debug;
		};
		C4D9346D1EB9783A00DADCE9 /* Release */ = {
			isa = XCBuildConfiguration;
			buildSettings = {
				ALWAYS_SEARCH_USER_PATHS = NO;
				CLANG_ANALYZER_NONNULL = YES;
				CLANG_ANALYZER_NUMBER_OBJECT_CONVERSION = YES_AGGRESSIVE;
				CLANG_CXX_LANGUAGE_STANDARD = "gnu++0x";
				CLANG_CXX_LIBRARY = "libc++";
				CLANG_ENABLE_MODULES = YES;
				CLANG_ENABLE_OBJC_ARC = YES;
				CLANG_WARN_BOOL_CONVERSION = YES;
				CLANG_WARN_CONSTANT_CONVERSION = YES;
				CLANG_WARN_DIRECT_OBJC_ISA_USAGE = YES_ERROR;
				CLANG_WARN_DOCUMENTATION_COMMENTS = YES;
				CLANG_WARN_EMPTY_BODY = YES;
				CLANG_WARN_ENUM_CONVERSION = YES;
				CLANG_WARN_INFINITE_RECURSION = YES;
				CLANG_WARN_INT_CONVERSION = YES;
				CLANG_WARN_OBJC_ROOT_CLASS = YES_ERROR;
				CLANG_WARN_SUSPICIOUS_MOVE = YES;
				CLANG_WARN_UNREACHABLE_CODE = YES;
				CLANG_WARN__DUPLICATE_METHOD_MATCH = YES;
				"CODE_SIGN_IDENTITY[sdk=iphoneos*]" = "iPhone Developer";
				COPY_PHASE_STRIP = NO;
				DEBUG_INFORMATION_FORMAT = "dwarf-with-dsym";
				ENABLE_NS_ASSERTIONS = NO;
				ENABLE_STRICT_OBJC_MSGSEND = YES;
				GCC_C_LANGUAGE_STANDARD = gnu99;
				GCC_NO_COMMON_BLOCKS = YES;
				GCC_WARN_64_TO_32_BIT_CONVERSION = YES;
				GCC_WARN_ABOUT_RETURN_TYPE = YES_ERROR;
				GCC_WARN_UNDECLARED_SELECTOR = YES;
				GCC_WARN_UNINITIALIZED_AUTOS = YES_AGGRESSIVE;
				GCC_WARN_UNUSED_FUNCTION = YES;
				GCC_WARN_UNUSED_VARIABLE = YES;
				IPHONEOS_DEPLOYMENT_TARGET = 10.3;
				MTL_ENABLE_DEBUG_INFO = NO;
				SDKROOT = iphoneos;
				SWIFT_OPTIMIZATION_LEVEL = "-Owholemodule";
				VALIDATE_PRODUCT = YES;
			};
			name = Release;
		};
		C4D9346F1EB9783A00DADCE9 /* Debug */ = {
			isa = XCBuildConfiguration;
			buildSettings = {
				ASSETCATALOG_COMPILER_APPICON_NAME = AppIcon;
				INFOPLIST_FILE = "Customer Service/Info.plist";
				IPHONEOS_DEPLOYMENT_TARGET = 10.3;
				LD_RUNPATH_SEARCH_PATHS = "$(inherited) @executable_path/Frameworks";
				PRODUCT_BUNDLE_IDENTIFIER = "app.Soraya.Nakthon.Customer-Service";
				PRODUCT_NAME = "$(TARGET_NAME)";
				SWIFT_VERSION = 3.0;
			};
			name = Debug;
		};
		C4D934701EB9783A00DADCE9 /* Release */ = {
			isa = XCBuildConfiguration;
			buildSettings = {
				ASSETCATALOG_COMPILER_APPICON_NAME = AppIcon;
				INFOPLIST_FILE = "Customer Service/Info.plist";
				IPHONEOS_DEPLOYMENT_TARGET = 10.3;
				LD_RUNPATH_SEARCH_PATHS = "$(inherited) @executable_path/Frameworks";
				PRODUCT_BUNDLE_IDENTIFIER = "app.Soraya.Nakthon.Customer-Service";
				PRODUCT_NAME = "$(TARGET_NAME)";
				SWIFT_VERSION = 3.0;
			};
			name = Release;
		};
/* End XCBuildConfiguration section */

/* Begin XCConfigurationList section */
		C4D934541EB9783A00DADCE9 /* Build configuration list for PBXProject "Customer Service" */ = {
			isa = XCConfigurationList;
			buildConfigurations = (
				C4D9346C1EB9783A00DADCE9 /* Debug */,
				C4D9346D1EB9783A00DADCE9 /* Release */,
			);
			defaultConfigurationIsVisible = 0;
			defaultConfigurationName = Release;
		};
		C4D9346E1EB9783A00DADCE9 /* Build configuration list for PBXNativeTarget "Customer Service" */ = {
			isa = XCConfigurationList;
			buildConfigurations = (
				C4D9346F1EB9783A00DADCE9 /* Debug */,
				C4D934701EB9783A00DADCE9 /* Release */,
			);
			defaultConfigurationIsVisible = 0;
			defaultConfigurationName = Release;
		};
/* End XCConfigurationList section */

/* Begin XCVersionGroup section */
		C4D934631EB9783A00DADCE9 /* Customer_Service.xcdatamodeld */ = {
			isa = XCVersionGroup;
			children = (
				C4D934641EB9783A00DADCE9 /* Customer_Service.xcdatamodel */,
			);
			currentVersion = C4D934641EB9783A00DADCE9 /* Customer_Service.xcdatamodel */;
			path = Customer_Service.xcdatamodeld;
			sourceTree = "<group>";
			versionGroupType = wrapper.xcdatamodel;
		};
/* End XCVersionGroup section */
	};
	rootObject = C4D934511EB9783A00DADCE9 /* Project object */;
}
